
Microsoft Visual Studio Solution File, Format Version 12.00
# Visual Studio Version 16
VisualStudioVersion = 16.0.32630.194
MinimumVisualStudioVersion = 10.0.40219.1
Project("{FAE04EC0-301F-11D3-BF4B-00C04F79EFBC}") = "Animal", "Animal.csproj", "{A6890EC3-9E71-4280-B961-CDA96F1D1211}"
EndProject
Global
	GlobalSection(SolutionConfigurationPlatforms) = preSolution
		Debug|Any CPU = Debug|Any CPU
		Release|Any CPU = Release|Any CPU
	EndGlobalSection
	GlobalSection(ProjectConfigurationPlatforms) = postSolution
		{A6890EC3-9E71-4280-B961-CDA96F1D1211}.Debug|Any CPU.ActiveCfg = Debug|Any CPU
		{A6890EC3-9E71-4280-B961-CDA96F1D1211}.Debug|Any CPU.Build.0 = Debug|Any CPU
		{A6890EC3-9E71-4280-B961-CDA96F1D1211}.Release|Any CPU.ActiveCfg = Release|Any CPU
		{A6890EC3-9E71-4280-B961-CDA96F1D1211}.Release|Any CPU.Build.0 = Release|Any CPU
	EndGlobalSection
	GlobalSection(SolutionProperties) = preSolution
		HideSolutionNode = FALSE
	EndGlobalSection
	GlobalSection(ExtensibilityGlobals) = postSolution
		SolutionGuid = {9E43FD12-55F8-4E35-B836-E2272F41B034}
	EndGlobalSection
EndGlobal
